
Microsoft Visual Studio Solution File, Format Version 12.00
# Visual Studio Version 16
VisualStudioVersion = 16.0.31729.503
MinimumVisualStudioVersion = 10.0.40219.1
Project("{FAE04EC0-301F-11D3-BF4B-00C04F79EFBC}") = "Ejercicio 2", "Ejercicio 2\Ejercicio 2.csproj", "{A963A9E2-C03D-40E3-A23B-8D299AFD61C3}"
EndProject
Global
	GlobalSection(SolutionConfigurationPlatforms) = preSolution
		Debug|Any CPU = Debug|Any CPU
		Release|Any CPU = Release|Any CPU
	EndGlobalSection
	GlobalSection(ProjectConfigurationPlatforms) = postSolution
		{A963A9E2-C03D-40E3-A23B-8D299AFD61C3}.Debug|Any CPU.ActiveCfg = Debug|Any CPU
		{A963A9E2-C03D-40E3-A23B-8D299AFD61C3}.Debug|Any CPU.Build.0 = Debug|Any CPU
		{A963A9E2-C03D-40E3-A23B-8D299AFD61C3}.Release|Any CPU.ActiveCfg = Release|Any CPU
		{A963A9E2-C03D-40E3-A23B-8D299AFD61C3}.Release|Any CPU.Build.0 = Release|Any CPU
	EndGlobalSection
	GlobalSection(SolutionProperties) = preSolution
		HideSolutionNode = FALSE
	EndGlobalSection
	GlobalSection(ExtensibilityGlobals) = postSolution
		SolutionGuid = {9BF6D389-71B2-4F45-926E-257D11D4ADE3}
	EndGlobalSection
EndGlobal
